{
    "hash": "8a3be01b85cc8ce676ae1e5a3aa48916",
    "packages": [
        {
            "package": "fwk/Events",
            "version": "dev-master",
            "source-reference": "acfae6635aabfe4ac9ab772e322a611029f4c9f5",
            "commit-date": "1338242176"
        },
        {
            "package": "fwk/xml",
            "version": "dev-master",
            "source-reference": "f842bdadd7cb177d9998f2b7495f5877c264bc08",
            "commit-date": "1343328915"
        },
        {
            "package": "symfony/http-foundation",
            "version": "dev-master",
            "alias-pretty-version": "2.1.x-dev",
            "alias-version": "2.1.9999999.9999999-dev"
        },
        {
            "package": "symfony/http-foundation",
            "version": "dev-master",
            "source-reference": "5dfe8c39f36b47c712b310af5a3b61523b2f2b56",
            "commit-date": "1343201916"
        }
    ],
    "packages-dev": null,
    "aliases": [

    ],
    "minimum-stability": "dev",
    "stability-flags": {
        "fwk/events": 20,
        "fwk/xml": 20,
        "symfony/http-foundation": 20
    }
}
